
Microsoft Visual Studio Solution File, Format Version 12.00
# Visual Studio Version 16
VisualStudioVersion = 16.0.29911.84
MinimumVisualStudioVersion = 10.0.40219.1
Project("{FAE04EC0-301F-11D3-BF4B-00C04F79EFBC}") = "WhosThatPokemon", "WhosThatPokemon\WhosThatPokemon.csproj", "{17B3B3D3-5846-450D-84D2-93581829FC75}"
EndProject
Project("{54435603-DBB4-11D2-8724-00A0C9A8B90C}") = "WhosThatPokemonSetup", "WhosThatPokemonSetup\WhosThatPokemonSetup.vdproj", "{7DA888D0-B798-4494-8B41-535BD52BB341}"
EndProject
Global
	GlobalSection(SolutionConfigurationPlatforms) = preSolution
		Debug|Any CPU = Debug|Any CPU
		Release|Any CPU = Release|Any CPU
	EndGlobalSection
	GlobalSection(ProjectConfigurationPlatforms) = postSolution
		{17B3B3D3-5846-450D-84D2-93581829FC75}.Debug|Any CPU.ActiveCfg = Debug|Any CPU
		{17B3B3D3-5846-450D-84D2-93581829FC75}.Debug|Any CPU.Build.0 = Debug|Any CPU
		{17B3B3D3-5846-450D-84D2-93581829FC75}.Release|Any CPU.ActiveCfg = Release|Any CPU
		{17B3B3D3-5846-450D-84D2-93581829FC75}.Release|Any CPU.Build.0 = Release|Any CPU
		{7DA888D0-B798-4494-8B41-535BD52BB341}.Debug|Any CPU.ActiveCfg = Debug
		{7DA888D0-B798-4494-8B41-535BD52BB341}.Release|Any CPU.ActiveCfg = Release
	EndGlobalSection
	GlobalSection(SolutionProperties) = preSolution
		HideSolutionNode = FALSE
	EndGlobalSection
	GlobalSection(ExtensibilityGlobals) = postSolution
		SolutionGuid = {BCD32236-D0CF-49F5-9607-1F7C33B79921}
	EndGlobalSection
EndGlobal
